// !$*UTF8*$!
{
	archiveVersion = 1;
	classes = {
	};
	objectVersion = 55;
	objects = {

/* Begin PBXBuildFile section */
		625A4F4F280C563600E2C87B /* DetailsVC.swift in Sources */ = {isa = PBXBuildFile; fileRef = 625A4F4E280C563600E2C87B /* DetailsVC.swift */; };
		62A3C98928072DC500BE84FD /* AppDelegate.swift in Sources */ = {isa = PBXBuildFile; fileRef = 62A3C98828072DC500BE84FD /* AppDelegate.swift */; };
		62A3C98B28072DC500BE84FD /* SceneDelegate.swift in Sources */ = {isa = PBXBuildFile; fileRef = 62A3C98A28072DC500BE84FD /* SceneDelegate.swift */; };
		62A3C99028072DC500BE84FD /* Main.storyboard in Resources */ = {isa = PBXBuildFile; fileRef = 62A3C98E28072DC500BE84FD /* Main.storyboard */; };
		62A3C99228072DC800BE84FD /* Assets.xcassets in Resources */ = {isa = PBXBuildFile; fileRef = 62A3C99128072DC800BE84FD /* Assets.xcassets */; };
		62A3C99528072DC800BE84FD /* LaunchScreen.storyboard in Resources */ = {isa = PBXBuildFile; fileRef = 62A3C99328072DC800BE84FD /* LaunchScreen.storyboard */; };
		62A3C9A32807314F00BE84FD /* MainActionCVC.swift in Sources */ = {isa = PBXBuildFile; fileRef = 62A3C9A22807314E00BE84FD /* MainActionCVC.swift */; };
		62A3C9A52807323300BE84FD /* ActionVCell.swift in Sources */ = {isa = PBXBuildFile; fileRef = 62A3C9A42807323300BE84FD /* ActionVCell.swift */; };
		62DBCFB22809C8F000420800 /* APIConstant.swift in Sources */ = {isa = PBXBuildFile; fileRef = 62DBCFB12809C8F000420800 /* APIConstant.swift */; };
		62DBCFB42809C90100420800 /* Models.swift in Sources */ = {isa = PBXBuildFile; fileRef = 62DBCFB32809C90100420800 /* Models.swift */; };
		62DBCFB7280C39EE00420800 /* UsersTVC.swift in Sources */ = {isa = PBXBuildFile; fileRef = 62DBCFB6280C39EE00420800 /* UsersTVC.swift */; };
		62DBCFBA280C3B6500420800 /* UsserTVCell.swift in Sources */ = {isa = PBXBuildFile; fileRef = 62DBCFB9280C3B6500420800 /* UsserTVCell.swift */; };
		62DBCFBC280C453900420800 /* Protocols.swift in Sources */ = {isa = PBXBuildFile; fileRef = 62DBCFBB280C453900420800 /* Protocols.swift */; };
		62DFBA16280D4620000C726F /* MapVC.swift in Sources */ = {isa = PBXBuildFile; fileRef = 62DFBA15280D4620000C726F /* MapVC.swift */; };
/* End PBXBuildFile section */

/* Begin PBXFileReference section */
		625A4F4E280C563600E2C87B /* DetailsVC.swift */ = {isa = PBXFileReference; lastKnownFileType = sourcecode.swift; path = DetailsVC.swift; sourceTree = "<group>"; };
		62A3C98528072DC500BE84FD /* DownloadImage.app */ = {isa = PBXFileReference; explicitFileType = wrapper.application; includeInIndex = 0; path = DownloadImage.app; sourceTree = BUILT_PRODUCTS_DIR; };
		62A3C98828072DC500BE84FD /* AppDelegate.swift */ = {isa = PBXFileReference; lastKnownFileType = sourcecode.swift; path = AppDelegate.swift; sourceTree = "<group>"; };
		62A3C98A28072DC500BE84FD /* SceneDelegate.swift */ = {isa = PBXFileReference; lastKnownFileType = sourcecode.swift; path = SceneDelegate.swift; sourceTree = "<group>"; };
		62A3C98F28072DC500BE84FD /* Base */ = {isa = PBXFileReference; lastKnownFileType = file.storyboard; name = Base; path = Base.lproj/Main.storyboard; sourceTree = "<group>"; };
		62A3C99128072DC800BE84FD /* Assets.xcassets */ = {isa = PBXFileReference; lastKnownFileType = folder.assetcatalog; path = Assets.xcassets; sourceTree = "<group>"; };
		62A3C99428072DC800BE84FD /* Base */ = {isa = PBXFileReference; lastKnownFileType = file.storyboard; name = Base; path = Base.lproj/LaunchScreen.storyboard; sourceTree = "<group>"; };
		62A3C99628072DC800BE84FD /* Info.plist */ = {isa = PBXFileReference; lastKnownFileType = text.plist.xml; path = Info.plist; sourceTree = "<group>"; };
		62A3C9A22807314E00BE84FD /* MainActionCVC.swift */ = {isa = PBXFileReference; lastKnownFileType = sourcecode.swift; path = MainActionCVC.swift; sourceTree = "<group>"; };
		62A3C9A42807323300BE84FD /* ActionVCell.swift */ = {isa = PBXFileReference; lastKnownFileType = sourcecode.swift; path = ActionVCell.swift; sourceTree = "<group>"; };
		62DBCFB12809C8F000420800 /* APIConstant.swift */ = {isa = PBXFileReference; lastKnownFileType = sourcecode.swift; path = APIConstant.swift; sourceTree = "<group>"; };
		62DBCFB32809C90100420800 /* Models.swift */ = {isa = PBXFileReference; lastKnownFileType = sourcecode.swift; path = Models.swift; sourceTree = "<group>"; };
		62DBCFB6280C39EE00420800 /* UsersTVC.swift */ = {isa = PBXFileReference; lastKnownFileType = sourcecode.swift; path = UsersTVC.swift; sourceTree = "<group>"; };
		62DBCFB9280C3B6500420800 /* UsserTVCell.swift */ = {isa = PBXFileReference; lastKnownFileType = sourcecode.swift; path = UsserTVCell.swift; sourceTree = "<group>"; };
		62DBCFBB280C453900420800 /* Protocols.swift */ = {isa = PBXFileReference; lastKnownFileType = sourcecode.swift; path = Protocols.swift; sourceTree = "<group>"; };
		62DFBA15280D4620000C726F /* MapVC.swift */ = {isa = PBXFileReference; lastKnownFileType = sourcecode.swift; path = MapVC.swift; sourceTree = "<group>"; };
/* End PBXFileReference section */

/* Begin PBXFrameworksBuildPhase section */
		62A3C98228072DC500BE84FD /* Frameworks */ = {
			isa = PBXFrameworksBuildPhase;
			buildActionMask = 2147483647;
			files = (
			);
			runOnlyForDeploymentPostprocessing = 0;
		};
/* End PBXFrameworksBuildPhase section */

/* Begin PBXGroup section */
		625A4F4D280C55A900E2C87B /* DetailsUsers */ = {
			isa = PBXGroup;
			children = (
				625A4F4E280C563600E2C87B /* DetailsVC.swift */,
			);
			path = DetailsUsers;
			sourceTree = "<group>";
		};
		62A3C97C28072DC500BE84FD = {
			isa = PBXGroup;
			children = (
				62A3C98728072DC500BE84FD /* DownloadImage */,
				62A3C98628072DC500BE84FD /* Products */,
			);
			sourceTree = "<group>";
		};
		62A3C98628072DC500BE84FD /* Products */ = {
			isa = PBXGroup;
			children = (
				62A3C98528072DC500BE84FD /* DownloadImage.app */,
			);
			name = Products;
			sourceTree = "<group>";
		};
		62A3C98728072DC500BE84FD /* DownloadImage */ = {
			isa = PBXGroup;
			children = (
				62A3C99F28072EA100BE84FD /* Api */,
				62A3C99E28072E8900BE84FD /* App */,
				62A3C9A128072ED200BE84FD /* Model */,
				62A3C99C28072E7000BE84FD /* View */,
				62A3C9A028072EC500BE84FD /* Controllers */,
				62A3C99628072DC800BE84FD /* Info.plist */,
				62A3C99128072DC800BE84FD /* Assets.xcassets */,
			);
			path = DownloadImage;
			sourceTree = "<group>";
		};
		62A3C99C28072E7000BE84FD /* View */ = {
			isa = PBXGroup;
			children = (
				62A3C98E28072DC500BE84FD /* Main.storyboard */,
				62A3C99328072DC800BE84FD /* LaunchScreen.storyboard */,
			);
			path = View;
			sourceTree = "<group>";
		};
		62A3C99E28072E8900BE84FD /* App */ = {
			isa = PBXGroup;
			children = (
				62A3C98828072DC500BE84FD /* AppDelegate.swift */,
				62A3C98A28072DC500BE84FD /* SceneDelegate.swift */,
			);
			path = App;
			sourceTree = "<group>";
		};
		62A3C99F28072EA100BE84FD /* Api */ = {
			isa = PBXGroup;
			children = (
				62DBCFB12809C8F000420800 /* APIConstant.swift */,
			);
			path = Api;
			sourceTree = "<group>";
		};
		62A3C9A028072EC500BE84FD /* Controllers */ = {
			isa = PBXGroup;
			children = (
				62DFBA14280D4610000C726F /* Map */,
				625A4F4D280C55A900E2C87B /* DetailsUsers */,
				62DBCFB5280C39CD00420800 /* Users */,
				62DBCFB8280C3B1F00420800 /* MainActions */,
			);
			path = Controllers;
			sourceTree = "<group>";
		};
		62A3C9A128072ED200BE84FD /* Model */ = {
			isa = PBXGroup;
			children = (
				62DBCFB32809C90100420800 /* Models.swift */,
				62DBCFBB280C453900420800 /* Protocols.swift */,
			);
			path = Model;
			sourceTree = "<group>";
		};
		62DBCFB5280C39CD00420800 /* Users */ = {
			isa = PBXGroup;
			children = (
				62DBCFB6280C39EE00420800 /* UsersTVC.swift */,
				62DBCFB9280C3B6500420800 /* UsserTVCell.swift */,
			);
			path = Users;
			sourceTree = "<group>";
		};
		62DBCFB8280C3B1F00420800 /* MainActions */ = {
			isa = PBXGroup;
			children = (
				62A3C9A22807314E00BE84FD /* MainActionCVC.swift */,
				62A3C9A42807323300BE84FD /* ActionVCell.swift */,
			);
			path = MainActions;
			sourceTree = "<group>";
		};
		62DFBA14280D4610000C726F /* Map */ = {
			isa = PBXGroup;
			children = (
				62DFBA15280D4620000C726F /* MapVC.swift */,
			);
			path = Map;
			sourceTree = "<group>";
		};
/* End PBXGroup section */

/* Begin PBXNativeTarget section */
		62A3C98428072DC500BE84FD /* DownloadImage */ = {
			isa = PBXNativeTarget;
			buildConfigurationList = 62A3C99928072DC800BE84FD /* Build configuration list for PBXNativeTarget "DownloadImage" */;
			buildPhases = (
				62A3C98128072DC500BE84FD /* Sources */,
				62A3C98228072DC500BE84FD /* Frameworks */,
				62A3C98328072DC500BE84FD /* Resources */,
			);
			buildRules = (
			);
			dependencies = (
			);
			name = DownloadImage;
			productName = DownloadImage;
			productReference = 62A3C98528072DC500BE84FD /* DownloadImage.app */;
			productType = "com.apple.product-type.application";
		};
/* End PBXNativeTarget section */

/* Begin PBXProject section */
		62A3C97D28072DC500BE84FD /* Project object */ = {
			isa = PBXProject;
			attributes = {
				BuildIndependentTargetsInParallel = 1;
				LastSwiftUpdateCheck = 1320;
				LastUpgradeCheck = 1320;
				TargetAttributes = {
					62A3C98428072DC500BE84FD = {
						CreatedOnToolsVersion = 13.2.1;
					};
				};
			};
			buildConfigurationList = 62A3C98028072DC500BE84FD /* Build configuration list for PBXProject "DownloadImage" */;
			compatibilityVersion = "Xcode 13.0";
			developmentRegion = en;
			hasScannedForEncodings = 0;
			knownRegions = (
				en,
				Base,
			);
			mainGroup = 62A3C97C28072DC500BE84FD;
			productRefGroup = 62A3C98628072DC500BE84FD /* Products */;
			projectDirPath = "";
			projectRoot = "";
			targets = (
				62A3C98428072DC500BE84FD /* DownloadImage */,
			);
		};
/* End PBXProject section */

/* Begin PBXResourcesBuildPhase section */
		62A3C98328072DC500BE84FD /* Resources */ = {
			isa = PBXResourcesBuildPhase;
			buildActionMask = 2147483647;
			files = (
				62A3C99528072DC800BE84FD /* LaunchScreen.storyboard in Resources */,
				62A3C99228072DC800BE84FD /* Assets.xcassets in Resources */,
				62A3C99028072DC500BE84FD /* Main.storyboard in Resources */,
			);
			runOnlyForDeploymentPostprocessing = 0;
		};
/* End PBXResourcesBuildPhase section */

/* Begin PBXSourcesBuildPhase section */
		62A3C98128072DC500BE84FD /* Sources */ = {
			isa = PBXSourcesBuildPhase;
			buildActionMask = 2147483647;
			files = (
				62DBCFBA280C3B6500420800 /* UsserTVCell.swift in Sources */,
				62A3C9A52807323300BE84FD /* ActionVCell.swift in Sources */,
				62A3C9A32807314F00BE84FD /* MainActionCVC.swift in Sources */,
				62DBCFBC280C453900420800 /* Protocols.swift in Sources */,
				62A3C98928072DC500BE84FD /* AppDelegate.swift in Sources */,
				62DFBA16280D4620000C726F /* MapVC.swift in Sources */,
				62DBCFB42809C90100420800 /* Models.swift in Sources */,
				62DBCFB22809C8F000420800 /* APIConstant.swift in Sources */,
				62DBCFB7280C39EE00420800 /* UsersTVC.swift in Sources */,
				62A3C98B28072DC500BE84FD /* SceneDelegate.swift in Sources */,
				625A4F4F280C563600E2C87B /* DetailsVC.swift in Sources */,
			);
			runOnlyForDeploymentPostprocessing = 0;
		};
/* End PBXSourcesBuildPhase section */

/* Begin PBXVariantGroup section */
		62A3C98E28072DC500BE84FD /* Main.storyboard */ = {
			isa = PBXVariantGroup;
			children = (
				62A3C98F28072DC500BE84FD /* Base */,
			);
			name = Main.storyboard;
			sourceTree = "<group>";
		};
		62A3C99328072DC800BE84FD /* LaunchScreen.storyboard */ = {
			isa = PBXVariantGroup;
			children = (
				62A3C99428072DC800BE84FD /* Base */,
			);
			name = LaunchScreen.storyboard;
			sourceTree = "<group>";
		};
/* End PBXVariantGroup section */

/* Begin XCBuildConfiguration section */
		62A3C99728072DC800BE84FD /* Debug */ = {
			isa = XCBuildConfiguration;
			buildSettings = {
				ALWAYS_SEARCH_USER_PATHS = NO;
				CLANG_ANALYZER_NONNULL = YES;
				CLANG_ANALYZER_NUMBER_OBJECT_CONVERSION = YES_AGGRESSIVE;
				CLANG_CXX_LANGUAGE_STANDARD = "gnu++17";
				CLANG_CXX_LIBRARY = "libc++";
				CLANG_ENABLE_MODULES = YES;
				CLANG_ENABLE_OBJC_ARC = YES;
				CLANG_ENABLE_OBJC_WEAK = YES;
				CLANG_WARN_BLOCK_CAPTURE_AUTORELEASING = YES;
				CLANG_WARN_BOOL_CONVERSION = YES;
				CLANG_WARN_COMMA = YES;
				CLANG_WARN_CONSTANT_CONVERSION = YES;
				CLANG_WARN_DEPRECATED_OBJC_IMPLEMENTATIONS = YES;
				CLANG_WARN_DIRECT_OBJC_ISA_USAGE = YES_ERROR;
				CLANG_WARN_DOCUMENTATION_COMMENTS = YES;
				CLANG_WARN_EMPTY_BODY = YES;
				CLANG_WARN_ENUM_CONVERSION = YES;
				CLANG_WARN_INFINITE_RECURSION = YES;
				CLANG_WARN_INT_CONVERSION = YES;
				CLANG_WARN_NON_LITERAL_NULL_CONVERSION = YES;
				CLANG_WARN_OBJC_IMPLICIT_RETAIN_SELF = YES;
				CLANG_WARN_OBJC_LITERAL_CONVERSION = YES;
				CLANG_WARN_OBJC_ROOT_CLASS = YES_ERROR;
				CLANG_WARN_QUOTED_INCLUDE_IN_FRAMEWORK_HEADER = YES;
				CLANG_WARN_RANGE_LOOP_ANALYSIS = YES;
				CLANG_WARN_STRICT_PROTOTYPES = YES;
				CLANG_WARN_SUSPICIOUS_MOVE = YES;
				CLANG_WARN_UNGUARDED_AVAILABILITY = YES_AGGRESSIVE;
				CLANG_WARN_UNREACHABLE_CODE = YES;
				CLANG_WARN__DUPLICATE_METHOD_MATCH = YES;
				COPY_PHASE_STRIP = NO;
				DEBUG_INFORMATION_FORMAT = dwarf;
				ENABLE_STRICT_OBJC_MSGSEND = YES;
				ENABLE_TESTABILITY = YES;
				GCC_C_LANGUAGE_STANDARD = gnu11;
				GCC_DYNAMIC_NO_PIC = NO;
				GCC_NO_COMMON_BLOCKS = YES;
				GCC_OPTIMIZATION_LEVEL = 0;
				GCC_PREPROCESSOR_DEFINITIONS = (
					"DEBUG=1",
					"$(inherited)",
				);
				GCC_WARN_64_TO_32_BIT_CONVERSION = YES;
				GCC_WARN_ABOUT_RETURN_TYPE = YES_ERROR;
				GCC_WARN_UNDECLARED_SELECTOR = YES;
				GCC_WARN_UNINITIALIZED_AUTOS = YES_AGGRESSIVE;
				GCC_WARN_UNUSED_FUNCTION = YES;
				GCC_WARN_UNUSED_VARIABLE = YES;
				IPHONEOS_DEPLOYMENT_TARGET = 15.2;
				MTL_ENABLE_DEBUG_INFO = INCLUDE_SOURCE;
				MTL_FAST_MATH = YES;
				ONLY_ACTIVE_ARCH = YES;
				SDKROOT = iphoneos;
				SWIFT_ACTIVE_COMPILATION_CONDITIONS = DEBUG;
				SWIFT_OPTIMIZATION_LEVEL = "-Onone";
			};
			name = Debug;
		};
		62A3C99828072DC800BE84FD /* Release */ = {
			isa = XCBuildConfiguration;
			buildSettings = {
				ALWAYS_SEARCH_USER_PATHS = NO;
				CLANG_ANALYZER_NONNULL = YES;
				CLANG_ANALYZER_NUMBER_OBJECT_CONVERSION = YES_AGGRESSIVE;
				CLANG_CXX_LANGUAGE_STANDARD = "gnu++17";
				CLANG_CXX_LIBRARY = "libc++";
				CLANG_ENABLE_MODULES = YES;
				CLANG_ENABLE_OBJC_ARC = YES;
				CLANG_ENABLE_OBJC_WEAK = YES;
				CLANG_WARN_BLOCK_CAPTURE_AUTORELEASING = YES;
				CLANG_WARN_BOOL_CONVERSION = YES;
				CLANG_WARN_COMMA = YES;
				CLANG_WARN_CONSTANT_CONVERSION = YES;
				CLANG_WARN_DEPRECATED_OBJC_IMPLEMENTATIONS = YES;
				CLANG_WARN_DIRECT_OBJC_ISA_USAGE = YES_ERROR;
				CLANG_WARN_DOCUMENTATION_COMMENTS = YES;
				CLANG_WARN_EMPTY_BODY = YES;
				CLANG_WARN_ENUM_CONVERSION = YES;
				CLANG_WARN_INFINITE_RECURSION = YES;
				CLANG_WARN_INT_CONVERSION = YES;
				CLANG_WARN_NON_LITERAL_NULL_CONVERSION = YES;
				CLANG_WARN_OBJC_IMPLICIT_RETAIN_SELF = YES;
				CLANG_WARN_OBJC_LITERAL_CONVERSION = YES;
				CLANG_WARN_OBJC_ROOT_CLASS = YES_ERROR;
				CLANG_WARN_QUOTED_INCLUDE_IN_FRAMEWORK_HEADER = YES;
				CLANG_WARN_RANGE_LOOP_ANALYSIS = YES;
				CLANG_WARN_STRICT_PROTOTYPES = YES;
				CLANG_WARN_SUSPICIOUS_MOVE = YES;
				CLANG_WARN_UNGUARDED_AVAILABILITY = YES_AGGRESSIVE;
				CLANG_WARN_UNREACHABLE_CODE = YES;
				CLANG_WARN__DUPLICATE_METHOD_MATCH = YES;
				COPY_PHASE_STRIP = NO;
				DEBUG_INFORMATION_FORMAT = "dwarf-with-dsym";
				ENABLE_NS_ASSERTIONS = NO;
				ENABLE_STRICT_OBJC_MSGSEND = YES;
				GCC_C_LANGUAGE_STANDARD = gnu11;
				GCC_NO_COMMON_BLOCKS = YES;
				GCC_WARN_64_TO_32_BIT_CONVERSION = YES;
				GCC_WARN_ABOUT_RETURN_TYPE = YES_ERROR;
				GCC_WARN_UNDECLARED_SELECTOR = YES;
				GCC_WARN_UNINITIALIZED_AUTOS = YES_AGGRESSIVE;
				GCC_WARN_UNUSED_FUNCTION = YES;
				GCC_WARN_UNUSED_VARIABLE = YES;
				IPHONEOS_DEPLOYMENT_TARGET = 15.2;
				MTL_ENABLE_DEBUG_INFO = NO;
				MTL_FAST_MATH = YES;
				SDKROOT = iphoneos;
				SWIFT_COMPILATION_MODE = wholemodule;
				SWIFT_OPTIMIZATION_LEVEL = "-O";
				VALIDATE_PRODUCT = YES;
			};
			name = Release;
		};
		62A3C99A28072DC800BE84FD /* Debug */ = {
			isa = XCBuildConfiguration;
			buildSettings = {
				ASSETCATALOG_COMPILER_APPICON_NAME = AppIcon;
				ASSETCATALOG_COMPILER_GLOBAL_ACCENT_COLOR_NAME = AccentColor;
				CODE_SIGN_STYLE = Automatic;
				CURRENT_PROJECT_VERSION = 1;
				DEVELOPMENT_TEAM = 736UK4853Y;
				GENERATE_INFOPLIST_FILE = YES;
				INFOPLIST_FILE = DownloadImage/Info.plist;
				INFOPLIST_KEY_UIApplicationSupportsIndirectInputEvents = YES;
				INFOPLIST_KEY_UILaunchStoryboardName = LaunchScreen;
				INFOPLIST_KEY_UIMainStoryboardFile = Main;
				INFOPLIST_KEY_UISupportedInterfaceOrientations_iPad = "UIInterfaceOrientationPortrait UIInterfaceOrientationPortraitUpsideDown UIInterfaceOrientationLandscapeLeft UIInterfaceOrientationLandscapeRight";
				INFOPLIST_KEY_UISupportedInterfaceOrientations_iPhone = "UIInterfaceOrientationPortrait UIInterfaceOrientationLandscapeLeft UIInterfaceOrientationLandscapeRight";
				LD_RUNPATH_SEARCH_PATHS = (
					"$(inherited)",
					"@executable_path/Frameworks",
				);
				MARKETING_VERSION = 1.0;
				PRODUCT_BUNDLE_IDENTIFIER = work.DownloadImage;
				PRODUCT_NAME = "$(TARGET_NAME)";
				SWIFT_EMIT_LOC_STRINGS = YES;
				SWIFT_VERSION = 5.0;
				TARGETED_DEVICE_FAMILY = "1,2";
			};
			name = Debug;
		};
		62A3C99B28072DC800BE84FD /* Release */ = {
			isa = XCBuildConfiguration;
			buildSettings = {
				ASSETCATALOG_COMPILER_APPICON_NAME = AppIcon;
				ASSETCATALOG_COMPILER_GLOBAL_ACCENT_COLOR_NAME = AccentColor;
				CODE_SIGN_STYLE = Automatic;
				CURRENT_PROJECT_VERSION = 1;
				DEVELOPMENT_TEAM = 736UK4853Y;
				GENERATE_INFOPLIST_FILE = YES;
				INFOPLIST_FILE = DownloadImage/Info.plist;
				INFOPLIST_KEY_UIApplicationSupportsIndirectInputEvents = YES;
				INFOPLIST_KEY_UILaunchStoryboardName = LaunchScreen;
				INFOPLIST_KEY_UIMainStoryboardFile = Main;
				INFOPLIST_KEY_UISupportedInterfaceOrientations_iPad = "UIInterfaceOrientationPortrait UIInterfaceOrientationPortraitUpsideDown UIInterfaceOrientationLandscapeLeft UIInterfaceOrientationLandscapeRight";
				INFOPLIST_KEY_UISupportedInterfaceOrientations_iPhone = "UIInterfaceOrientationPortrait UIInterfaceOrientationLandscapeLeft UIInterfaceOrientationLandscapeRight";
				LD_RUNPATH_SEARCH_PATHS = (
					"$(inherited)",
					"@executable_path/Frameworks",
				);
				MARKETING_VERSION = 1.0;
				PRODUCT_BUNDLE_IDENTIFIER = work.DownloadImage;
				PRODUCT_NAME = "$(TARGET_NAME)";
				SWIFT_EMIT_LOC_STRINGS = YES;
				SWIFT_VERSION = 5.0;
				TARGETED_DEVICE_FAMILY = "1,2";
			};
			name = Release;
		};
/* End XCBuildConfiguration section */

/* Begin XCConfigurationList section */
		62A3C98028072DC500BE84FD /* Build configuration list for PBXProject "DownloadImage" */ = {
			isa = XCConfigurationList;
			buildConfigurations = (
				62A3C99728072DC800BE84FD /* Debug */,
				62A3C99828072DC800BE84FD /* Release */,
			);
			defaultConfigurationIsVisible = 0;
			defaultConfigurationName = Release;
		};
		62A3C99928072DC800BE84FD /* Build configuration list for PBXNativeTarget "DownloadImage" */ = {
			isa = XCConfigurationList;
			buildConfigurations = (
				62A3C99A28072DC800BE84FD /* Debug */,
				62A3C99B28072DC800BE84FD /* Release */,
			);
			defaultConfigurationIsVisible = 0;
			defaultConfigurationName = Release;
		};
/* End XCConfigurationList section */
	};
	rootObject = 62A3C97D28072DC500BE84FD /* Project object */;
}
